
Microsoft Visual Studio Solution File, Format Version 12.00
# Visual Studio 2012
Project("{FAE04EC0-301F-11D3-BF4B-00C04F79EFBC}") = "CSharp-Template", "CSharp-Template\CSharp-Template.csproj", "{A7EE0F38-C70B-47D8-AEE7-AF8E684B6EA7}"
EndProject
Project("{F184B08F-C81C-45F6-A57F-5ABD9991F28F}") = "VB-Template", "VB-Template\VB-Template.vbproj", "{29B249D0-6D61-44C2-9857-419A1B43B7A5}"
EndProject
Project("{FAE04EC0-301F-11D3-BF4B-00C04F79EFBC}") = "CSharp-DAL2-Template", "CSharp-DAL2-Template\CSharp-DAL2-Template.csproj", "{050F84AF-35A1-4218-B33C-752BE340B4C7}"
EndProject
Project("{F184B08F-C81C-45F6-A57F-5ABD9991F28F}") = "VB-DAL2-Template", "VB-DAL2-Template\VB-DAL2-Template.vbproj", "{1F09CEAC-9593-4583-9E40-E5FBCFD3D036}"
EndProject
Global
	GlobalSection(SolutionConfigurationPlatforms) = preSolution
		Debug|Any CPU = Debug|Any CPU
		Release|Any CPU = Release|Any CPU
	EndGlobalSection
	GlobalSection(ProjectConfigurationPlatforms) = postSolution
		{A7EE0F38-C70B-47D8-AEE7-AF8E684B6EA7}.Debug|Any CPU.ActiveCfg = Debug|Any CPU
		{A7EE0F38-C70B-47D8-AEE7-AF8E684B6EA7}.Debug|Any CPU.Build.0 = Debug|Any CPU
		{A7EE0F38-C70B-47D8-AEE7-AF8E684B6EA7}.Release|Any CPU.ActiveCfg = Release|Any CPU
		{A7EE0F38-C70B-47D8-AEE7-AF8E684B6EA7}.Release|Any CPU.Build.0 = Release|Any CPU
		{29B249D0-6D61-44C2-9857-419A1B43B7A5}.Debug|Any CPU.ActiveCfg = Debug|Any CPU
		{29B249D0-6D61-44C2-9857-419A1B43B7A5}.Debug|Any CPU.Build.0 = Debug|Any CPU
		{29B249D0-6D61-44C2-9857-419A1B43B7A5}.Release|Any CPU.ActiveCfg = Release|Any CPU
		{29B249D0-6D61-44C2-9857-419A1B43B7A5}.Release|Any CPU.Build.0 = Release|Any CPU
		{050F84AF-35A1-4218-B33C-752BE340B4C7}.Debug|Any CPU.ActiveCfg = Debug|Any CPU
		{050F84AF-35A1-4218-B33C-752BE340B4C7}.Debug|Any CPU.Build.0 = Debug|Any CPU
		{050F84AF-35A1-4218-B33C-752BE340B4C7}.Release|Any CPU.ActiveCfg = Release|Any CPU
		{050F84AF-35A1-4218-B33C-752BE340B4C7}.Release|Any CPU.Build.0 = Release|Any CPU
		{1F09CEAC-9593-4583-9E40-E5FBCFD3D036}.Debug|Any CPU.ActiveCfg = Debug|Any CPU
		{1F09CEAC-9593-4583-9E40-E5FBCFD3D036}.Debug|Any CPU.Build.0 = Debug|Any CPU
		{1F09CEAC-9593-4583-9E40-E5FBCFD3D036}.Release|Any CPU.ActiveCfg = Release|Any CPU
		{1F09CEAC-9593-4583-9E40-E5FBCFD3D036}.Release|Any CPU.Build.0 = Release|Any CPU
	EndGlobalSection
	GlobalSection(SolutionProperties) = preSolution
		HideSolutionNode = FALSE
	EndGlobalSection
EndGlobal
